
Microsoft Visual Studio Solution File, Format Version 12.00
# Visual Studio 2013
VisualStudioVersion = 12.0.21005.1
MinimumVisualStudioVersion = 10.0.40219.1
Project("{FAE04EC0-301F-11D3-BF4B-00C04F79EFBC}") = "OnlineShop", "OnlineShop\OnlineShop.csproj", "{EE478BB0-B9FC-47B6-9502-10058082D801}"
EndProject
Project("{FAE04EC0-301F-11D3-BF4B-00C04F79EFBC}") = "OnlineShop.Tests", "OnlineShop.Tests\OnlineShop.Tests.csproj", "{132419E4-8678-4380-84DF-9E4E9A3E1113}"
EndProject
Global
	GlobalSection(SolutionConfigurationPlatforms) = preSolution
		Debug|Any CPU = Debug|Any CPU
		Release|Any CPU = Release|Any CPU
	EndGlobalSection
	GlobalSection(ProjectConfigurationPlatforms) = postSolution
		{EE478BB0-B9FC-47B6-9502-10058082D801}.Debug|Any CPU.ActiveCfg = Debug|Any CPU
		{EE478BB0-B9FC-47B6-9502-10058082D801}.Debug|Any CPU.Build.0 = Debug|Any CPU
		{EE478BB0-B9FC-47B6-9502-10058082D801}.Release|Any CPU.ActiveCfg = Release|Any CPU
		{EE478BB0-B9FC-47B6-9502-10058082D801}.Release|Any CPU.Build.0 = Release|Any CPU
		{132419E4-8678-4380-84DF-9E4E9A3E1113}.Debug|Any CPU.ActiveCfg = Debug|Any CPU
		{132419E4-8678-4380-84DF-9E4E9A3E1113}.Debug|Any CPU.Build.0 = Debug|Any CPU
		{132419E4-8678-4380-84DF-9E4E9A3E1113}.Release|Any CPU.ActiveCfg = Release|Any CPU
		{132419E4-8678-4380-84DF-9E4E9A3E1113}.Release|Any CPU.Build.0 = Release|Any CPU
	EndGlobalSection
	GlobalSection(SolutionProperties) = preSolution
		HideSolutionNode = FALSE
	EndGlobalSection
EndGlobal
